// !$*UTF8*$!
{
	archiveVersion = 1;
	classes = {
	};
	objectVersion = 56;
	objects = {

/* Begin PBXBuildFile section */
		3BC9AEE22B6B1A1E002E2B6B /* FetchRewardsApp.swift in Sources */ = {isa = PBXBuildFile; fileRef = 3BC9AEE12B6B1A1E002E2B6B /* FetchRewardsApp.swift */; };
		3BC9AEE42B6B1A1E002E2B6B /* ContentView.swift in Sources */ = {isa = PBXBuildFile; fileRef = 3BC9AEE32B6B1A1E002E2B6B /* ContentView.swift */; };
		3BC9AEE62B6B1A22002E2B6B /* Assets.xcassets in Resources */ = {isa = PBXBuildFile; fileRef = 3BC9AEE52B6B1A22002E2B6B /* Assets.xcassets */; };
		3BC9AEEA2B6B1A22002E2B6B /* Preview Assets.xcassets in Resources */ = {isa = PBXBuildFile; fileRef = 3BC9AEE92B6B1A22002E2B6B /* Preview Assets.xcassets */; };
		3BC9AEF42B6B1A22002E2B6B /* FetchRewardsTests.swift in Sources */ = {isa = PBXBuildFile; fileRef = 3BC9AEF32B6B1A22002E2B6B /* FetchRewardsTests.swift */; };
		3BC9AEFE2B6B1A22002E2B6B /* FetchRewardsUITests.swift in Sources */ = {isa = PBXBuildFile; fileRef = 3BC9AEFD2B6B1A22002E2B6B /* FetchRewardsUITests.swift */; };
		3BC9AF002B6B1A22002E2B6B /* FetchRewardsUITestsLaunchTests.swift in Sources */ = {isa = PBXBuildFile; fileRef = 3BC9AEFF2B6B1A22002E2B6B /* FetchRewardsUITestsLaunchTests.swift */; };
/* End PBXBuildFile section */

/* Begin PBXContainerItemProxy section */
		3BC9AEF02B6B1A22002E2B6B /* PBXContainerItemProxy */ = {
			isa = PBXContainerItemProxy;
			containerPortal = 3BC9AED62B6B1A1E002E2B6B /* Project object */;
			proxyType = 1;
			remoteGlobalIDString = 3BC9AEDD2B6B1A1E002E2B6B;
			remoteInfo = FetchRewards;
		};
		3BC9AEFA2B6B1A22002E2B6B /* PBXContainerItemProxy */ = {
			isa = PBXContainerItemProxy;
			containerPortal = 3BC9AED62B6B1A1E002E2B6B /* Project object */;
			proxyType = 1;
			remoteGlobalIDString = 3BC9AEDD2B6B1A1E002E2B6B;
			remoteInfo = FetchRewards;
		};
/* End PBXContainerItemProxy section */

/* Begin PBXFileReference section */
		3BC9AEDE2B6B1A1E002E2B6B /* FetchRewards.app */ = {isa = PBXFileReference; explicitFileType = wrapper.application; includeInIndex = 0; path = FetchRewards.app; sourceTree = BUILT_PRODUCTS_DIR; };
		3BC9AEE12B6B1A1E002E2B6B /* FetchRewardsApp.swift */ = {isa = PBXFileReference; lastKnownFileType = sourcecode.swift; path = FetchRewardsApp.swift; sourceTree = "<group>"; };
		3BC9AEE32B6B1A1E002E2B6B /* ContentView.swift */ = {isa = PBXFileReference; lastKnownFileType = sourcecode.swift; path = ContentView.swift; sourceTree = "<group>"; };
		3BC9AEE52B6B1A22002E2B6B /* Assets.xcassets */ = {isa = PBXFileReference; lastKnownFileType = folder.assetcatalog; path = Assets.xcassets; sourceTree = "<group>"; };
		3BC9AEE72B6B1A22002E2B6B /* FetchRewards.entitlements */ = {isa = PBXFileReference; lastKnownFileType = text.plist.entitlements; path = FetchRewards.entitlements; sourceTree = "<group>"; };
		3BC9AEE92B6B1A22002E2B6B /* Preview Assets.xcassets */ = {isa = PBXFileReference; lastKnownFileType = folder.assetcatalog; path = "Preview Assets.xcassets"; sourceTree = "<group>"; };
		3BC9AEEF2B6B1A22002E2B6B /* FetchRewardsTests.xctest */ = {isa = PBXFileReference; explicitFileType = wrapper.cfbundle; includeInIndex = 0; path = FetchRewardsTests.xctest; sourceTree = BUILT_PRODUCTS_DIR; };
		3BC9AEF32B6B1A22002E2B6B /* FetchRewardsTests.swift */ = {isa = PBXFileReference; lastKnownFileType = sourcecode.swift; path = FetchRewardsTests.swift; sourceTree = "<group>"; };
		3BC9AEF92B6B1A22002E2B6B /* FetchRewardsUITests.xctest */ = {isa = PBXFileReference; explicitFileType = wrapper.cfbundle; includeInIndex = 0; path = FetchRewardsUITests.xctest; sourceTree = BUILT_PRODUCTS_DIR; };
		3BC9AEFD2B6B1A22002E2B6B /* FetchRewardsUITests.swift */ = {isa = PBXFileReference; lastKnownFileType = sourcecode.swift; path = FetchRewardsUITests.swift; sourceTree = "<group>"; };
		3BC9AEFF2B6B1A22002E2B6B /* FetchRewardsUITestsLaunchTests.swift */ = {isa = PBXFileReference; lastKnownFileType = sourcecode.swift; path = FetchRewardsUITestsLaunchTests.swift; sourceTree = "<group>"; };
/* End PBXFileReference section */

/* Begin PBXFrameworksBuildPhase section */
		3BC9AEDB2B6B1A1E002E2B6B /* Frameworks */ = {
			isa = PBXFrameworksBuildPhase;
			buildActionMask = 2147483647;
			files = (
			);
			runOnlyForDeploymentPostprocessing = 0;
		};
		3BC9AEEC2B6B1A22002E2B6B /* Frameworks */ = {
			isa = PBXFrameworksBuildPhase;
			buildActionMask = 2147483647;
			files = (
			);
			runOnlyForDeploymentPostprocessing = 0;
		};
		3BC9AEF62B6B1A22002E2B6B /* Frameworks */ = {
			isa = PBXFrameworksBuildPhase;
			buildActionMask = 2147483647;
			files = (
			);
			runOnlyForDeploymentPostprocessing = 0;
		};
/* End PBXFrameworksBuildPhase section */

/* Begin PBXGroup section */
		3BC9AED52B6B1A1E002E2B6B = {
			isa = PBXGroup;
			children = (
				3BC9AEE02B6B1A1E002E2B6B /* FetchRewards */,
				3BC9AEF22B6B1A22002E2B6B /* FetchRewardsTests */,
				3BC9AEFC2B6B1A22002E2B6B /* FetchRewardsUITests */,
				3BC9AEDF2B6B1A1E002E2B6B /* Products */,
			);
			sourceTree = "<group>";
		};
		3BC9AEDF2B6B1A1E002E2B6B /* Products */ = {
			isa = PBXGroup;
			children = (
				3BC9AEDE2B6B1A1E002E2B6B /* FetchRewards.app */,
				3BC9AEEF2B6B1A22002E2B6B /* FetchRewardsTests.xctest */,
				3BC9AEF92B6B1A22002E2B6B /* FetchRewardsUITests.xctest */,
			);
			name = Products;
			sourceTree = "<group>";
		};
		3BC9AEE02B6B1A1E002E2B6B /* FetchRewards */ = {
			isa = PBXGroup;
			children = (
				3BC9AEE12B6B1A1E002E2B6B /* FetchRewardsApp.swift */,
				3BC9AEE32B6B1A1E002E2B6B /* ContentView.swift */,
				3BC9AEE52B6B1A22002E2B6B /* Assets.xcassets */,
				3BC9AEE72B6B1A22002E2B6B /* FetchRewards.entitlements */,
				3BC9AEE82B6B1A22002E2B6B /* Preview Content */,
			);
			path = FetchRewards;
			sourceTree = "<group>";
		};
		3BC9AEE82B6B1A22002E2B6B /* Preview Content */ = {
			isa = PBXGroup;
			children = (
				3BC9AEE92B6B1A22002E2B6B /* Preview Assets.xcassets */,
			);
			path = "Preview Content";
			sourceTree = "<group>";
		};
		3BC9AEF22B6B1A22002E2B6B /* FetchRewardsTests */ = {
			isa = PBXGroup;
			children = (
				3BC9AEF32B6B1A22002E2B6B /* FetchRewardsTests.swift */,
			);
			path = FetchRewardsTests;
			sourceTree = "<group>";
		};
		3BC9AEFC2B6B1A22002E2B6B /* FetchRewardsUITests */ = {
			isa = PBXGroup;
			children = (
				3BC9AEFD2B6B1A22002E2B6B /* FetchRewardsUITests.swift */,
				3BC9AEFF2B6B1A22002E2B6B /* FetchRewardsUITestsLaunchTests.swift */,
			);
			path = FetchRewardsUITests;
			sourceTree = "<group>";
		};
/* End PBXGroup section */

/* Begin PBXNativeTarget section */
		3BC9AEDD2B6B1A1E002E2B6B /* FetchRewards */ = {
			isa = PBXNativeTarget;
			buildConfigurationList = 3BC9AF032B6B1A22002E2B6B /* Build configuration list for PBXNativeTarget "FetchRewards" */;
			buildPhases = (
				3BC9AEDA2B6B1A1E002E2B6B /* Sources */,
				3BC9AEDB2B6B1A1E002E2B6B /* Frameworks */,
				3BC9AEDC2B6B1A1E002E2B6B /* Resources */,
			);
			buildRules = (
			);
			dependencies = (
			);
			name = FetchRewards;
			productName = FetchRewards;
			productReference = 3BC9AEDE2B6B1A1E002E2B6B /* FetchRewards.app */;
			productType = "com.apple.product-type.application";
		};
		3BC9AEEE2B6B1A22002E2B6B /* FetchRewardsTests */ = {
			isa = PBXNativeTarget;
			buildConfigurationList = 3BC9AF062B6B1A22002E2B6B /* Build configuration list for PBXNativeTarget "FetchRewardsTests" */;
			buildPhases = (
				3BC9AEEB2B6B1A22002E2B6B /* Sources */,
				3BC9AEEC2B6B1A22002E2B6B /* Frameworks */,
				3BC9AEED2B6B1A22002E2B6B /* Resources */,
			);
			buildRules = (
			);
			dependencies = (
				3BC9AEF12B6B1A22002E2B6B /* PBXTargetDependency */,
			);
			name = FetchRewardsTests;
			productName = FetchRewardsTests;
			productReference = 3BC9AEEF2B6B1A22002E2B6B /* FetchRewardsTests.xctest */;
			productType = "com.apple.product-type.bundle.unit-test";
		};
		3BC9AEF82B6B1A22002E2B6B /* FetchRewardsUITests */ = {
			isa = PBXNativeTarget;
			buildConfigurationList = 3BC9AF092B6B1A22002E2B6B /* Build configuration list for PBXNativeTarget "FetchRewardsUITests" */;
			buildPhases = (
				3BC9AEF52B6B1A22002E2B6B /* Sources */,
				3BC9AEF62B6B1A22002E2B6B /* Frameworks */,
				3BC9AEF72B6B1A22002E2B6B /* Resources */,
			);
			buildRules = (
			);
			dependencies = (
				3BC9AEFB2B6B1A22002E2B6B /* PBXTargetDependency */,
			);
			name = FetchRewardsUITests;
			productName = FetchRewardsUITests;
			productReference = 3BC9AEF92B6B1A22002E2B6B /* FetchRewardsUITests.xctest */;
			productType = "com.apple.product-type.bundle.ui-testing";
		};
/* End PBXNativeTarget section */

/* Begin PBXProject section */
		3BC9AED62B6B1A1E002E2B6B /* Project object */ = {
			isa = PBXProject;
			attributes = {
				BuildIndependentTargetsInParallel = 1;
				LastSwiftUpdateCheck = 1520;
				LastUpgradeCheck = 1520;
				TargetAttributes = {
					3BC9AEDD2B6B1A1E002E2B6B = {
						CreatedOnToolsVersion = 15.2;
					};
					3BC9AEEE2B6B1A22002E2B6B = {
						CreatedOnToolsVersion = 15.2;
						TestTargetID = 3BC9AEDD2B6B1A1E002E2B6B;
					};
					3BC9AEF82B6B1A22002E2B6B = {
						CreatedOnToolsVersion = 15.2;
						TestTargetID = 3BC9AEDD2B6B1A1E002E2B6B;
					};
				};
			};
			buildConfigurationList = 3BC9AED92B6B1A1E002E2B6B /* Build configuration list for PBXProject "FetchRewards" */;
			compatibilityVersion = "Xcode 14.0";
			developmentRegion = en;
			hasScannedForEncodings = 0;
			knownRegions = (
				en,
				Base,
			);
			mainGroup = 3BC9AED52B6B1A1E002E2B6B;
			productRefGroup = 3BC9AEDF2B6B1A1E002E2B6B /* Products */;
			projectDirPath = "";
			projectRoot = "";
			targets = (
				3BC9AEDD2B6B1A1E002E2B6B /* FetchRewards */,
				3BC9AEEE2B6B1A22002E2B6B /* FetchRewardsTests */,
				3BC9AEF82B6B1A22002E2B6B /* FetchRewardsUITests */,
			);
		};
/* End PBXProject section */

/* Begin PBXResourcesBuildPhase section */
		3BC9AEDC2B6B1A1E002E2B6B /* Resources */ = {
			isa = PBXResourcesBuildPhase;
			buildActionMask = 2147483647;
			files = (
				3BC9AEEA2B6B1A22002E2B6B /* Preview Assets.xcassets in Resources */,
				3BC9AEE62B6B1A22002E2B6B /* Assets.xcassets in Resources */,
			);
			runOnlyForDeploymentPostprocessing = 0;
		};
		3BC9AEED2B6B1A22002E2B6B /* Resources */ = {
			isa = PBXResourcesBuildPhase;
			buildActionMask = 2147483647;
			files = (
			);
			runOnlyForDeploymentPostprocessing = 0;
		};
		3BC9AEF72B6B1A22002E2B6B /* Resources */ = {
			isa = PBXResourcesBuildPhase;
			buildActionMask = 2147483647;
			files = (
			);
			runOnlyForDeploymentPostprocessing = 0;
		};
/* End PBXResourcesBuildPhase section */

/* Begin PBXSourcesBuildPhase section */
		3BC9AEDA2B6B1A1E002E2B6B /* Sources */ = {
			isa = PBXSourcesBuildPhase;
			buildActionMask = 2147483647;
			files = (
				3BC9AEE42B6B1A1E002E2B6B /* ContentView.swift in Sources */,
				3BC9AEE22B6B1A1E002E2B6B /* FetchRewardsApp.swift in Sources */,
			);
			runOnlyForDeploymentPostprocessing = 0;
		};
		3BC9AEEB2B6B1A22002E2B6B /* Sources */ = {
			isa = PBXSourcesBuildPhase;
			buildActionMask = 2147483647;
			files = (
				3BC9AEF42B6B1A22002E2B6B /* FetchRewardsTests.swift in Sources */,
			);
			runOnlyForDeploymentPostprocessing = 0;
		};
		3BC9AEF52B6B1A22002E2B6B /* Sources */ = {
			isa = PBXSourcesBuildPhase;
			buildActionMask = 2147483647;
			files = (
				3BC9AF002B6B1A22002E2B6B /* FetchRewardsUITestsLaunchTests.swift in Sources */,
				3BC9AEFE2B6B1A22002E2B6B /* FetchRewardsUITests.swift in Sources */,
			);
			runOnlyForDeploymentPostprocessing = 0;
		};
/* End PBXSourcesBuildPhase section */

/* Begin PBXTargetDependency section */
		3BC9AEF12B6B1A22002E2B6B /* PBXTargetDependency */ = {
			isa = PBXTargetDependency;
			target = 3BC9AEDD2B6B1A1E002E2B6B /* FetchRewards */;
			targetProxy = 3BC9AEF02B6B1A22002E2B6B /* PBXContainerItemProxy */;
		};
		3BC9AEFB2B6B1A22002E2B6B /* PBXTargetDependency */ = {
			isa = PBXTargetDependency;
			target = 3BC9AEDD2B6B1A1E002E2B6B /* FetchRewards */;
			targetProxy = 3BC9AEFA2B6B1A22002E2B6B /* PBXContainerItemProxy */;
		};
/* End PBXTargetDependency section */

/* Begin XCBuildConfiguration section */
		3BC9AF012B6B1A22002E2B6B /* Debug */ = {
			isa = XCBuildConfiguration;
			buildSettings = {
				ALWAYS_SEARCH_USER_PATHS = NO;
				ASSETCATALOG_COMPILER_GENERATE_SWIFT_ASSET_SYMBOL_EXTENSIONS = YES;
				CLANG_ANALYZER_NONNULL = YES;
				CLANG_ANALYZER_NUMBER_OBJECT_CONVERSION = YES_AGGRESSIVE;
				CLANG_CXX_LANGUAGE_STANDARD = "gnu++20";
				CLANG_ENABLE_MODULES = YES;
				CLANG_ENABLE_OBJC_ARC = YES;
				CLANG_ENABLE_OBJC_WEAK = YES;
				CLANG_WARN_BLOCK_CAPTURE_AUTORELEASING = YES;
				CLANG_WARN_BOOL_CONVERSION = YES;
				CLANG_WARN_COMMA = YES;
				CLANG_WARN_CONSTANT_CONVERSION = YES;
				CLANG_WARN_DEPRECATED_OBJC_IMPLEMENTATIONS = YES;
				CLANG_WARN_DIRECT_OBJC_ISA_USAGE = YES_ERROR;
				CLANG_WARN_DOCUMENTATION_COMMENTS = YES;
				CLANG_WARN_EMPTY_BODY = YES;
				CLANG_WARN_ENUM_CONVERSION = YES;
				CLANG_WARN_INFINITE_RECURSION = YES;
				CLANG_WARN_INT_CONVERSION = YES;
				CLANG_WARN_NON_LITERAL_NULL_CONVERSION = YES;
				CLANG_WARN_OBJC_IMPLICIT_RETAIN_SELF = YES;
				CLANG_WARN_OBJC_LITERAL_CONVERSION = YES;
				CLANG_WARN_OBJC_ROOT_CLASS = YES_ERROR;
				CLANG_WARN_QUOTED_INCLUDE_IN_FRAMEWORK_HEADER = YES;
				CLANG_WARN_RANGE_LOOP_ANALYSIS = YES;
				CLANG_WARN_STRICT_PROTOTYPES = YES;
				CLANG_WARN_SUSPICIOUS_MOVE = YES;
				CLANG_WARN_UNGUARDED_AVAILABILITY = YES_AGGRESSIVE;
				CLANG_WARN_UNREACHABLE_CODE = YES;
				CLANG_WARN__DUPLICATE_METHOD_MATCH = YES;
				COPY_PHASE_STRIP = NO;
				DEBUG_INFORMATION_FORMAT = dwarf;
				ENABLE_STRICT_OBJC_MSGSEND = YES;
				ENABLE_TESTABILITY = YES;
				ENABLE_USER_SCRIPT_SANDBOXING = YES;
				GCC_C_LANGUAGE_STANDARD = gnu17;
				GCC_DYNAMIC_NO_PIC = NO;
				GCC_NO_COMMON_BLOCKS = YES;
				GCC_OPTIMIZATION_LEVEL = 0;
				GCC_PREPROCESSOR_DEFINITIONS = (
					"DEBUG=1",
					"$(inherited)",
				);
				GCC_WARN_64_TO_32_BIT_CONVERSION = YES;
				GCC_WARN_ABOUT_RETURN_TYPE = YES_ERROR;
				GCC_WARN_UNDECLARED_SELECTOR = YES;
				GCC_WARN_UNINITIALIZED_AUTOS = YES_AGGRESSIVE;
				GCC_WARN_UNUSED_FUNCTION = YES;
				GCC_WARN_UNUSED_VARIABLE = YES;
				LOCALIZATION_PREFERS_STRING_CATALOGS = YES;
				MTL_ENABLE_DEBUG_INFO = INCLUDE_SOURCE;
				MTL_FAST_MATH = YES;
				ONLY_ACTIVE_ARCH = YES;
				SWIFT_ACTIVE_COMPILATION_CONDITIONS = "DEBUG $(inherited)";
				SWIFT_OPTIMIZATION_LEVEL = "-Onone";
			};
			name = Debug;
		};
		3BC9AF022B6B1A22002E2B6B /* Release */ = {
			isa = XCBuildConfiguration;
			buildSettings = {
				ALWAYS_SEARCH_USER_PATHS = NO;
				ASSETCATALOG_COMPILER_GENERATE_SWIFT_ASSET_SYMBOL_EXTENSIONS = YES;
				CLANG_ANALYZER_NONNULL = YES;
				CLANG_ANALYZER_NUMBER_OBJECT_CONVERSION = YES_AGGRESSIVE;
				CLANG_CXX_LANGUAGE_STANDARD = "gnu++20";
				CLANG_ENABLE_MODULES = YES;
				CLANG_ENABLE_OBJC_ARC = YES;
				CLANG_ENABLE_OBJC_WEAK = YES;
				CLANG_WARN_BLOCK_CAPTURE_AUTORELEASING = YES;
				CLANG_WARN_BOOL_CONVERSION = YES;
				CLANG_WARN_COMMA = YES;
				CLANG_WARN_CONSTANT_CONVERSION = YES;
				CLANG_WARN_DEPRECATED_OBJC_IMPLEMENTATIONS = YES;
				CLANG_WARN_DIRECT_OBJC_ISA_USAGE = YES_ERROR;
				CLANG_WARN_DOCUMENTATION_COMMENTS = YES;
				CLANG_WARN_EMPTY_BODY = YES;
				CLANG_WARN_ENUM_CONVERSION = YES;
				CLANG_WARN_INFINITE_RECURSION = YES;
				CLANG_WARN_INT_CONVERSION = YES;
				CLANG_WARN_NON_LITERAL_NULL_CONVERSION = YES;
				CLANG_WARN_OBJC_IMPLICIT_RETAIN_SELF = YES;
				CLANG_WARN_OBJC_LITERAL_CONVERSION = YES;
				CLANG_WARN_OBJC_ROOT_CLASS = YES_ERROR;
				CLANG_WARN_QUOTED_INCLUDE_IN_FRAMEWORK_HEADER = YES;
				CLANG_WARN_RANGE_LOOP_ANALYSIS = YES;
				CLANG_WARN_STRICT_PROTOTYPES = YES;
				CLANG_WARN_SUSPICIOUS_MOVE = YES;
				CLANG_WARN_UNGUARDED_AVAILABILITY = YES_AGGRESSIVE;
				CLANG_WARN_UNREACHABLE_CODE = YES;
				CLANG_WARN__DUPLICATE_METHOD_MATCH = YES;
				COPY_PHASE_STRIP = NO;
				DEBUG_INFORMATION_FORMAT = "dwarf-with-dsym";
				ENABLE_NS_ASSERTIONS = NO;
				ENABLE_STRICT_OBJC_MSGSEND = YES;
				ENABLE_USER_SCRIPT_SANDBOXING = YES;
				GCC_C_LANGUAGE_STANDARD = gnu17;
				GCC_NO_COMMON_BLOCKS = YES;
				GCC_WARN_64_TO_32_BIT_CONVERSION = YES;
				GCC_WARN_ABOUT_RETURN_TYPE = YES_ERROR;
				GCC_WARN_UNDECLARED_SELECTOR = YES;
				GCC_WARN_UNINITIALIZED_AUTOS = YES_AGGRESSIVE;
				GCC_WARN_UNUSED_FUNCTION = YES;
				GCC_WARN_UNUSED_VARIABLE = YES;
				LOCALIZATION_PREFERS_STRING_CATALOGS = YES;
				MTL_ENABLE_DEBUG_INFO = NO;
				MTL_FAST_MATH = YES;
				SWIFT_COMPILATION_MODE = wholemodule;
			};
			name = Release;
		};
		3BC9AF042B6B1A22002E2B6B /* Debug */ = {
			isa = XCBuildConfiguration;
			buildSettings = {
				ASSETCATALOG_COMPILER_APPICON_NAME = AppIcon;
				ASSETCATALOG_COMPILER_GLOBAL_ACCENT_COLOR_NAME = AccentColor;
				CODE_SIGN_ENTITLEMENTS = FetchRewards/FetchRewards.entitlements;
				CODE_SIGN_STYLE = Automatic;
				CURRENT_PROJECT_VERSION = 1;
				DEVELOPMENT_ASSET_PATHS = "\"FetchRewards/Preview Content\"";
				ENABLE_PREVIEWS = YES;
				GENERATE_INFOPLIST_FILE = YES;
				"INFOPLIST_KEY_UIApplicationSceneManifest_Generation[sdk=iphoneos*]" = YES;
				"INFOPLIST_KEY_UIApplicationSceneManifest_Generation[sdk=iphonesimulator*]" = YES;
				"INFOPLIST_KEY_UIApplicationSupportsIndirectInputEvents[sdk=iphoneos*]" = YES;
				"INFOPLIST_KEY_UIApplicationSupportsIndirectInputEvents[sdk=iphonesimulator*]" = YES;
				"INFOPLIST_KEY_UILaunchScreen_Generation[sdk=iphoneos*]" = YES;
				"INFOPLIST_KEY_UILaunchScreen_Generation[sdk=iphonesimulator*]" = YES;
				"INFOPLIST_KEY_UIStatusBarStyle[sdk=iphoneos*]" = UIStatusBarStyleDefault;
				"INFOPLIST_KEY_UIStatusBarStyle[sdk=iphonesimulator*]" = UIStatusBarStyleDefault;
				INFOPLIST_KEY_UISupportedInterfaceOrientations_iPad = "UIInterfaceOrientationPortrait UIInterfaceOrientationPortraitUpsideDown UIInterfaceOrientationLandscapeLeft UIInterfaceOrientationLandscapeRight";
				INFOPLIST_KEY_UISupportedInterfaceOrientations_iPhone = "UIInterfaceOrientationPortrait UIInterfaceOrientationLandscapeLeft UIInterfaceOrientationLandscapeRight";
				IPHONEOS_DEPLOYMENT_TARGET = 17.2;
				LD_RUNPATH_SEARCH_PATHS = "@executable_path/Frameworks";
				"LD_RUNPATH_SEARCH_PATHS[sdk=macosx*]" = "@executable_path/../Frameworks";
				MACOSX_DEPLOYMENT_TARGET = 14.2;
				MARKETING_VERSION = 1.0;
				PRODUCT_BUNDLE_IDENTIFIER = harjot.FetchRewards;
				PRODUCT_NAME = "$(TARGET_NAME)";
				SDKROOT = auto;
				SUPPORTED_PLATFORMS = "iphoneos iphonesimulator macosx";
				SWIFT_EMIT_LOC_STRINGS = YES;
				SWIFT_VERSION = 5.0;
				TARGETED_DEVICE_FAMILY = "1,2";
			};
			name = Debug;
		};
		3BC9AF052B6B1A22002E2B6B /* Release */ = {
			isa = XCBuildConfiguration;
			buildSettings = {
				ASSETCATALOG_COMPILER_APPICON_NAME = AppIcon;
				ASSETCATALOG_COMPILER_GLOBAL_ACCENT_COLOR_NAME = AccentColor;
				CODE_SIGN_ENTITLEMENTS = FetchRewards/FetchRewards.entitlements;
				CODE_SIGN_STYLE = Automatic;
				CURRENT_PROJECT_VERSION = 1;
				DEVELOPMENT_ASSET_PATHS = "\"FetchRewards/Preview Content\"";
				ENABLE_PREVIEWS = YES;
				GENERATE_INFOPLIST_FILE = YES;
				"INFOPLIST_KEY_UIApplicationSceneManifest_Generation[sdk=iphoneos*]" = YES;
				"INFOPLIST_KEY_UIApplicationSceneManifest_Generation[sdk=iphonesimulator*]" = YES;
				"INFOPLIST_KEY_UIApplicationSupportsIndirectInputEvents[sdk=iphoneos*]" = YES;
				"INFOPLIST_KEY_UIApplicationSupportsIndirectInputEvents[sdk=iphonesimulator*]" = YES;
				"INFOPLIST_KEY_UILaunchScreen_Generation[sdk=iphoneos*]" = YES;
				"INFOPLIST_KEY_UILaunchScreen_Generation[sdk=iphonesimulator*]" = YES;
				"INFOPLIST_KEY_UIStatusBarStyle[sdk=iphoneos*]" = UIStatusBarStyleDefault;
				"INFOPLIST_KEY_UIStatusBarStyle[sdk=iphonesimulator*]" = UIStatusBarStyleDefault;
				INFOPLIST_KEY_UISupportedInterfaceOrientations_iPad = "UIInterfaceOrientationPortrait UIInterfaceOrientationPortraitUpsideDown UIInterfaceOrientationLandscapeLeft UIInterfaceOrientationLandscapeRight";
				INFOPLIST_KEY_UISupportedInterfaceOrientations_iPhone = "UIInterfaceOrientationPortrait UIInterfaceOrientationLandscapeLeft UIInterfaceOrientationLandscapeRight";
				IPHONEOS_DEPLOYMENT_TARGET = 17.2;
				LD_RUNPATH_SEARCH_PATHS = "@executable_path/Frameworks";
				"LD_RUNPATH_SEARCH_PATHS[sdk=macosx*]" = "@executable_path/../Frameworks";
				MACOSX_DEPLOYMENT_TARGET = 14.2;
				MARKETING_VERSION = 1.0;
				PRODUCT_BUNDLE_IDENTIFIER = harjot.FetchRewards;
				PRODUCT_NAME = "$(TARGET_NAME)";
				SDKROOT = auto;
				SUPPORTED_PLATFORMS = "iphoneos iphonesimulator macosx";
				SWIFT_EMIT_LOC_STRINGS = YES;
				SWIFT_VERSION = 5.0;
				TARGETED_DEVICE_FAMILY = "1,2";
			};
			name = Release;
		};
		3BC9AF072B6B1A22002E2B6B /* Debug */ = {
			isa = XCBuildConfiguration;
			buildSettings = {
				ALWAYS_EMBED_SWIFT_STANDARD_LIBRARIES = YES;
				BUNDLE_LOADER = "$(TEST_HOST)";
				CODE_SIGN_STYLE = Automatic;
				CURRENT_PROJECT_VERSION = 1;
				GENERATE_INFOPLIST_FILE = YES;
				IPHONEOS_DEPLOYMENT_TARGET = 17.2;
				MACOSX_DEPLOYMENT_TARGET = 14.2;
				MARKETING_VERSION = 1.0;
				PRODUCT_BUNDLE_IDENTIFIER = harjot.FetchRewardsTests;
				PRODUCT_NAME = "$(TARGET_NAME)";
				SDKROOT = auto;
				SUPPORTED_PLATFORMS = "iphoneos iphonesimulator macosx";
				SWIFT_EMIT_LOC_STRINGS = NO;
				SWIFT_VERSION = 5.0;
				TARGETED_DEVICE_FAMILY = "1,2";
				TEST_HOST = "$(BUILT_PRODUCTS_DIR)/FetchRewards.app/$(BUNDLE_EXECUTABLE_FOLDER_PATH)/FetchRewards";
			};
			name = Debug;
		};
		3BC9AF082B6B1A22002E2B6B /* Release */ = {
			isa = XCBuildConfiguration;
			buildSettings = {
				ALWAYS_EMBED_SWIFT_STANDARD_LIBRARIES = YES;
				BUNDLE_LOADER = "$(TEST_HOST)";
				CODE_SIGN_STYLE = Automatic;
				CURRENT_PROJECT_VERSION = 1;
				GENERATE_INFOPLIST_FILE = YES;
				IPHONEOS_DEPLOYMENT_TARGET = 17.2;
				MACOSX_DEPLOYMENT_TARGET = 14.2;
				MARKETING_VERSION = 1.0;
				PRODUCT_BUNDLE_IDENTIFIER = harjot.FetchRewardsTests;
				PRODUCT_NAME = "$(TARGET_NAME)";
				SDKROOT = auto;
				SUPPORTED_PLATFORMS = "iphoneos iphonesimulator macosx";
				SWIFT_EMIT_LOC_STRINGS = NO;
				SWIFT_VERSION = 5.0;
				TARGETED_DEVICE_FAMILY = "1,2";
				TEST_HOST = "$(BUILT_PRODUCTS_DIR)/FetchRewards.app/$(BUNDLE_EXECUTABLE_FOLDER_PATH)/FetchRewards";
			};
			name = Release;
		};
		3BC9AF0A2B6B1A22002E2B6B /* Debug */ = {
			isa = XCBuildConfiguration;
			buildSettings = {
				ALWAYS_EMBED_SWIFT_STANDARD_LIBRARIES = YES;
				CODE_SIGN_STYLE = Automatic;
				CURRENT_PROJECT_VERSION = 1;
				GENERATE_INFOPLIST_FILE = YES;
				IPHONEOS_DEPLOYMENT_TARGET = 17.2;
				MACOSX_DEPLOYMENT_TARGET = 14.2;
				MARKETING_VERSION = 1.0;
				PRODUCT_BUNDLE_IDENTIFIER = harjot.FetchRewardsUITests;
				PRODUCT_NAME = "$(TARGET_NAME)";
				SDKROOT = auto;
				SUPPORTED_PLATFORMS = "iphoneos iphonesimulator macosx";
				SWIFT_EMIT_LOC_STRINGS = NO;
				SWIFT_VERSION = 5.0;
				TARGETED_DEVICE_FAMILY = "1,2";
				TEST_TARGET_NAME = FetchRewards;
			};
			name = Debug;
		};
		3BC9AF0B2B6B1A22002E2B6B /* Release */ = {
			isa = XCBuildConfiguration;
			buildSettings = {
				ALWAYS_EMBED_SWIFT_STANDARD_LIBRARIES = YES;
				CODE_SIGN_STYLE = Automatic;
				CURRENT_PROJECT_VERSION = 1;
				GENERATE_INFOPLIST_FILE = YES;
				IPHONEOS_DEPLOYMENT_TARGET = 17.2;
				MACOSX_DEPLOYMENT_TARGET = 14.2;
				MARKETING_VERSION = 1.0;
				PRODUCT_BUNDLE_IDENTIFIER = harjot.FetchRewardsUITests;
				PRODUCT_NAME = "$(TARGET_NAME)";
				SDKROOT = auto;
				SUPPORTED_PLATFORMS = "iphoneos iphonesimulator macosx";
				SWIFT_EMIT_LOC_STRINGS = NO;
				SWIFT_VERSION = 5.0;
				TARGETED_DEVICE_FAMILY = "1,2";
				TEST_TARGET_NAME = FetchRewards;
			};
			name = Release;
		};
/* End XCBuildConfiguration section */

/* Begin XCConfigurationList section */
		3BC9AED92B6B1A1E002E2B6B /* Build configuration list for PBXProject "FetchRewards" */ = {
			isa = XCConfigurationList;
			buildConfigurations = (
				3BC9AF012B6B1A22002E2B6B /* Debug */,
				3BC9AF022B6B1A22002E2B6B /* Release */,
			);
			defaultConfigurationIsVisible = 0;
			defaultConfigurationName = Release;
		};
		3BC9AF032B6B1A22002E2B6B /* Build configuration list for PBXNativeTarget "FetchRewards" */ = {
			isa = XCConfigurationList;
			buildConfigurations = (
				3BC9AF042B6B1A22002E2B6B /* Debug */,
				3BC9AF052B6B1A22002E2B6B /* Release */,
			);
			defaultConfigurationIsVisible = 0;
			defaultConfigurationName = Release;
		};
		3BC9AF062B6B1A22002E2B6B /* Build configuration list for PBXNativeTarget "FetchRewardsTests" */ = {
			isa = XCConfigurationList;
			buildConfigurations = (
				3BC9AF072B6B1A22002E2B6B /* Debug */,
				3BC9AF082B6B1A22002E2B6B /* Release */,
			);
			defaultConfigurationIsVisible = 0;
			defaultConfigurationName = Release;
		};
		3BC9AF092B6B1A22002E2B6B /* Build configuration list for PBXNativeTarget "FetchRewardsUITests" */ = {
			isa = XCConfigurationList;
			buildConfigurations = (
				3BC9AF0A2B6B1A22002E2B6B /* Debug */,
				3BC9AF0B2B6B1A22002E2B6B /* Release */,
			);
			defaultConfigurationIsVisible = 0;
			defaultConfigurationName = Release;
		};
/* End XCConfigurationList section */
	};
	rootObject = 3BC9AED62B6B1A1E002E2B6B /* Project object */;
}
